{
	"name": "@availproject/cli",
	"version": "0.1.15",
	"lockfileVersion": 3,
	"requires": true,
	"packages": {
		"": {
			"name": "@availproject/cli",
			"version": "0.1.15",
			"license": "Apache-2.0",
			"dependencies": {
				"avail-js-sdk": "^0.2",
				"commander": "^12.1"
			},
			"bin": {
				"avail": "index.js"
			},
			"devDependencies": {
				"@biomejs/biome": "^1.9",
				"@polkadot/types": "^10.13",
				"@types/node": "^22.7",
				"typescript": "^5.4"
			},
			"engines": {
				"node": ">=18"
			}
		},
		"node_modules/@biomejs/biome": {
			"version": "1.9.4",
			"dev": true,
			"hasInstallScript": true,
			"license": "MIT OR Apache-2.0",
			"bin": {
				"biome": "bin/biome"
			},
			"engines": {
				"node": ">=14.21.3"
			},
			"funding": {
				"type": "opencollective",
				"url": "https://opencollective.com/biome"
			},
			"optionalDependencies": {
				"@biomejs/cli-darwin-arm64": "1.9.4",
				"@biomejs/cli-darwin-x64": "1.9.4",
				"@biomejs/cli-linux-arm64": "1.9.4",
				"@biomejs/cli-linux-arm64-musl": "1.9.4",
				"@biomejs/cli-linux-x64": "1.9.4",
				"@biomejs/cli-linux-x64-musl": "1.9.4",
				"@biomejs/cli-win32-arm64": "1.9.4",
				"@biomejs/cli-win32-x64": "1.9.4"
			}
		},
		"node_modules/@biomejs/cli-darwin-arm64": {
			"version": "1.9.4",
			"cpu": [
				"arm64"
			],
			"dev": true,
			"license": "MIT OR Apache-2.0",
			"optional": true,
			"os": [
				"darwin"
			],
			"engines": {
				"node": ">=14.21.3"
			}
		},
		"node_modules/@noble/curves": {
			"version": "1.6.0",
			"license": "MIT",
			"dependencies": {
				"@noble/hashes": "1.5.0"
			},
			"engines": {
				"node": "^14.21.3 || >=16"
			},
			"funding": {
				"url": "https://paulmillr.com/funding/"
			}
		},
		"node_modules/@noble/hashes": {
			"version": "1.5.0",
			"license": "MIT",
			"engines": {
				"node": "^14.21.3 || >=16"
			},
			"funding": {
				"url": "https://paulmillr.com/funding/"
			}
		},
		"node_modules/@polkadot-api/client": {
			"version": "0.0.1-492c132563ea6b40ae1fc5470dec4cd18768d182.1.0",
			"license": "MIT",
			"optional": true,
			"dependencies": {
				"@polkadot-api/metadata-builders": "0.0.1-492c132563ea6b40ae1fc5470dec4cd18768d182.1.0",
				"@polkadot-api/substrate-bindings": "0.0.1-492c132563ea6b40ae1fc5470dec4cd18768d182.1.0",
				"@polkadot-api/substrate-client": "0.0.1-492c132563ea6b40ae1fc5470dec4cd18768d182.1.0",
				"@polkadot-api/utils": "0.0.1-492c132563ea6b40ae1fc5470dec4cd18768d182.1.0"
			},
			"peerDependencies": {
				"rxjs": ">=7.8.0"
			}
		},
		"node_modules/@polkadot-api/json-rpc-provider": {
			"version": "0.0.1-492c132563ea6b40ae1fc5470dec4cd18768d182.1.0",
			"license": "MIT",
			"optional": true
		},
		"node_modules/@polkadot-api/json-rpc-provider-proxy": {
			"version": "0.0.1-492c132563ea6b40ae1fc5470dec4cd18768d182.1.0",
			"license": "MIT",
			"optional": true
		},
		"node_modules/@polkadot-api/metadata-builders": {
			"version": "0.0.1-492c132563ea6b40ae1fc5470dec4cd18768d182.1.0",
			"license": "MIT",
			"optional": true,
			"dependencies": {
				"@polkadot-api/substrate-bindings": "0.0.1-492c132563ea6b40ae1fc5470dec4cd18768d182.1.0",
				"@polkadot-api/utils": "0.0.1-492c132563ea6b40ae1fc5470dec4cd18768d182.1.0"
			}
		},
		"node_modules/@polkadot-api/substrate-bindings": {
			"version": "0.0.1-492c132563ea6b40ae1fc5470dec4cd18768d182.1.0",
			"license": "MIT",
			"optional": true,
			"dependencies": {
				"@noble/hashes": "^1.3.1",
				"@polkadot-api/utils": "0.0.1-492c132563ea6b40ae1fc5470dec4cd18768d182.1.0",
				"@scure/base": "^1.1.1",
				"scale-ts": "^1.6.0"
			}
		},
		"node_modules/@polkadot-api/substrate-client": {
			"version": "0.0.1-492c132563ea6b40ae1fc5470dec4cd18768d182.1.0",
			"license": "MIT",
			"optional": true
		},
		"node_modules/@polkadot-api/utils": {
			"version": "0.0.1-492c132563ea6b40ae1fc5470dec4cd18768d182.1.0",
			"license": "MIT",
			"optional": true
		},
		"node_modules/@polkadot/api": {
			"version": "10.13.1",
			"license": "Apache-2.0",
			"dependencies": {
				"@polkadot/api-augment": "10.13.1",
				"@polkadot/api-base": "10.13.1",
				"@polkadot/api-derive": "10.13.1",
				"@polkadot/keyring": "^12.6.2",
				"@polkadot/rpc-augment": "10.13.1",
				"@polkadot/rpc-core": "10.13.1",
				"@polkadot/rpc-provider": "10.13.1",
				"@polkadot/types": "10.13.1",
				"@polkadot/types-augment": "10.13.1",
				"@polkadot/types-codec": "10.13.1",
				"@polkadot/types-create": "10.13.1",
				"@polkadot/types-known": "10.13.1",
				"@polkadot/util": "^12.6.2",
				"@polkadot/util-crypto": "^12.6.2",
				"eventemitter3": "^5.0.1",
				"rxjs": "^7.8.1",
				"tslib": "^2.6.2"
			},
			"engines": {
				"node": ">=18"
			}
		},
		"node_modules/@polkadot/api-augment": {
			"version": "10.13.1",
			"license": "Apache-2.0",
			"dependencies": {
				"@polkadot/api-base": "10.13.1",
				"@polkadot/rpc-augment": "10.13.1",
				"@polkadot/types": "10.13.1",
				"@polkadot/types-augment": "10.13.1",
				"@polkadot/types-codec": "10.13.1",
				"@polkadot/util": "^12.6.2",
				"tslib": "^2.6.2"
			},
			"engines": {
				"node": ">=18"
			}
		},
		"node_modules/@polkadot/api-base": {
			"version": "10.13.1",
			"license": "Apache-2.0",
			"dependencies": {
				"@polkadot/rpc-core": "10.13.1",
				"@polkadot/types": "10.13.1",
				"@polkadot/util": "^12.6.2",
				"rxjs": "^7.8.1",
				"tslib": "^2.6.2"
			},
			"engines": {
				"node": ">=18"
			}
		},
		"node_modules/@polkadot/api-derive": {
			"version": "10.13.1",
			"license": "Apache-2.0",
			"dependencies": {
				"@polkadot/api": "10.13.1",
				"@polkadot/api-augment": "10.13.1",
				"@polkadot/api-base": "10.13.1",
				"@polkadot/rpc-core": "10.13.1",
				"@polkadot/types": "10.13.1",
				"@polkadot/types-codec": "10.13.1",
				"@polkadot/util": "^12.6.2",
				"@polkadot/util-crypto": "^12.6.2",
				"rxjs": "^7.8.1",
				"tslib": "^2.6.2"
			},
			"engines": {
				"node": ">=18"
			}
		},
		"node_modules/@polkadot/keyring": {
			"version": "12.6.2",
			"resolved": "https://registry.npmjs.org/@polkadot/keyring/-/keyring-12.6.2.tgz",
			"integrity": "sha512-O3Q7GVmRYm8q7HuB3S0+Yf/q/EB2egKRRU3fv9b3B7V+A52tKzA+vIwEmNVaD1g5FKW9oB97rmpggs0zaKFqHw==",
			"license": "Apache-2.0",
			"dependencies": {
				"@polkadot/util": "12.6.2",
				"@polkadot/util-crypto": "12.6.2",
				"tslib": "^2.6.2"
			},
			"engines": {
				"node": ">=18"
			},
			"peerDependencies": {
				"@polkadot/util": "12.6.2",
				"@polkadot/util-crypto": "12.6.2"
			}
		},
		"node_modules/@polkadot/networks": {
			"version": "12.6.2",
			"resolved": "https://registry.npmjs.org/@polkadot/networks/-/networks-12.6.2.tgz",
			"integrity": "sha512-1oWtZm1IvPWqvMrldVH6NI2gBoCndl5GEwx7lAuQWGr7eNL+6Bdc5K3Z9T0MzFvDGoi2/CBqjX9dRKo39pDC/w==",
			"license": "Apache-2.0",
			"dependencies": {
				"@polkadot/util": "12.6.2",
				"@substrate/ss58-registry": "^1.44.0",
				"tslib": "^2.6.2"
			},
			"engines": {
				"node": ">=18"
			}
		},
		"node_modules/@polkadot/rpc-augment": {
			"version": "10.13.1",
			"license": "Apache-2.0",
			"dependencies": {
				"@polkadot/rpc-core": "10.13.1",
				"@polkadot/types": "10.13.1",
				"@polkadot/types-codec": "10.13.1",
				"@polkadot/util": "^12.6.2",
				"tslib": "^2.6.2"
			},
			"engines": {
				"node": ">=18"
			}
		},
		"node_modules/@polkadot/rpc-core": {
			"version": "10.13.1",
			"license": "Apache-2.0",
			"dependencies": {
				"@polkadot/rpc-augment": "10.13.1",
				"@polkadot/rpc-provider": "10.13.1",
				"@polkadot/types": "10.13.1",
				"@polkadot/util": "^12.6.2",
				"rxjs": "^7.8.1",
				"tslib": "^2.6.2"
			},
			"engines": {
				"node": ">=18"
			}
		},
		"node_modules/@polkadot/rpc-provider": {
			"version": "10.13.1",
			"license": "Apache-2.0",
			"dependencies": {
				"@polkadot/keyring": "^12.6.2",
				"@polkadot/types": "10.13.1",
				"@polkadot/types-support": "10.13.1",
				"@polkadot/util": "^12.6.2",
				"@polkadot/util-crypto": "^12.6.2",
				"@polkadot/x-fetch": "^12.6.2",
				"@polkadot/x-global": "^12.6.2",
				"@polkadot/x-ws": "^12.6.2",
				"eventemitter3": "^5.0.1",
				"mock-socket": "^9.3.1",
				"nock": "^13.5.0",
				"tslib": "^2.6.2"
			},
			"engines": {
				"node": ">=18"
			},
			"optionalDependencies": {
				"@substrate/connect": "0.8.8"
			}
		},
		"node_modules/@polkadot/rpc-provider/node_modules/@polkadot/x-global": {
			"version": "12.6.2",
			"license": "Apache-2.0",
			"dependencies": {
				"tslib": "^2.6.2"
			},
			"engines": {
				"node": ">=18"
			}
		},
		"node_modules/@polkadot/types": {
			"version": "10.13.1",
			"resolved": "https://registry.npmjs.org/@polkadot/types/-/types-10.13.1.tgz",
			"integrity": "sha512-Hfvg1ZgJlYyzGSAVrDIpp3vullgxrjOlh/CSThd/PI4TTN1qHoPSFm2hs77k3mKkOzg+LrWsLE0P/LP2XddYcw==",
			"license": "Apache-2.0",
			"dependencies": {
				"@polkadot/keyring": "^12.6.2",
				"@polkadot/types-augment": "10.13.1",
				"@polkadot/types-codec": "10.13.1",
				"@polkadot/types-create": "10.13.1",
				"@polkadot/util": "^12.6.2",
				"@polkadot/util-crypto": "^12.6.2",
				"rxjs": "^7.8.1",
				"tslib": "^2.6.2"
			},
			"engines": {
				"node": ">=18"
			}
		},
		"node_modules/@polkadot/types-augment": {
			"version": "10.13.1",
			"resolved": "https://registry.npmjs.org/@polkadot/types-augment/-/types-augment-10.13.1.tgz",
			"integrity": "sha512-TcrLhf95FNFin61qmVgOgayzQB/RqVsSg9thAso1Fh6pX4HSbvI35aGPBAn3SkA6R+9/TmtECirpSNLtIGFn0g==",
			"license": "Apache-2.0",
			"dependencies": {
				"@polkadot/types": "10.13.1",
				"@polkadot/types-codec": "10.13.1",
				"@polkadot/util": "^12.6.2",
				"tslib": "^2.6.2"
			},
			"engines": {
				"node": ">=18"
			}
		},
		"node_modules/@polkadot/types-codec": {
			"version": "10.13.1",
			"resolved": "https://registry.npmjs.org/@polkadot/types-codec/-/types-codec-10.13.1.tgz",
			"integrity": "sha512-AiQ2Vv2lbZVxEdRCN8XSERiWlOWa2cTDLnpAId78EnCtx4HLKYQSd+Jk9Y4BgO35R79mchK4iG+w6gZ+ukG2bg==",
			"license": "Apache-2.0",
			"dependencies": {
				"@polkadot/util": "^12.6.2",
				"@polkadot/x-bigint": "^12.6.2",
				"tslib": "^2.6.2"
			},
			"engines": {
				"node": ">=18"
			}
		},
		"node_modules/@polkadot/types-create": {
			"version": "10.13.1",
			"resolved": "https://registry.npmjs.org/@polkadot/types-create/-/types-create-10.13.1.tgz",
			"integrity": "sha512-Usn1jqrz35SXgCDAqSXy7mnD6j4RvB4wyzTAZipFA6DGmhwyxxIgOzlWQWDb+1PtPKo9vtMzen5IJ+7w5chIeA==",
			"license": "Apache-2.0",
			"dependencies": {
				"@polkadot/types-codec": "10.13.1",
				"@polkadot/util": "^12.6.2",
				"tslib": "^2.6.2"
			},
			"engines": {
				"node": ">=18"
			}
		},
		"node_modules/@polkadot/types-known": {
			"version": "10.13.1",
			"license": "Apache-2.0",
			"dependencies": {
				"@polkadot/networks": "^12.6.2",
				"@polkadot/types": "10.13.1",
				"@polkadot/types-codec": "10.13.1",
				"@polkadot/types-create": "10.13.1",
				"@polkadot/util": "^12.6.2",
				"tslib": "^2.6.2"
			},
			"engines": {
				"node": ">=18"
			}
		},
		"node_modules/@polkadot/types-support": {
			"version": "10.13.1",
			"license": "Apache-2.0",
			"dependencies": {
				"@polkadot/util": "^12.6.2",
				"tslib": "^2.6.2"
			},
			"engines": {
				"node": ">=18"
			}
		},
		"node_modules/@polkadot/util": {
			"version": "12.6.2",
			"resolved": "https://registry.npmjs.org/@polkadot/util/-/util-12.6.2.tgz",
			"integrity": "sha512-l8TubR7CLEY47240uki0TQzFvtnxFIO7uI/0GoWzpYD/O62EIAMRsuY01N4DuwgKq2ZWD59WhzsLYmA5K6ksdw==",
			"license": "Apache-2.0",
			"dependencies": {
				"@polkadot/x-bigint": "12.6.2",
				"@polkadot/x-global": "12.6.2",
				"@polkadot/x-textdecoder": "12.6.2",
				"@polkadot/x-textencoder": "12.6.2",
				"@types/bn.js": "^5.1.5",
				"bn.js": "^5.2.1",
				"tslib": "^2.6.2"
			},
			"engines": {
				"node": ">=18"
			}
		},
		"node_modules/@polkadot/util-crypto": {
			"version": "12.6.2",
			"resolved": "https://registry.npmjs.org/@polkadot/util-crypto/-/util-crypto-12.6.2.tgz",
			"integrity": "sha512-FEWI/dJ7wDMNN1WOzZAjQoIcCP/3vz3wvAp5QQm+lOrzOLj0iDmaIGIcBkz8HVm3ErfSe/uKP0KS4jgV/ib+Mg==",
			"license": "Apache-2.0",
			"dependencies": {
				"@noble/curves": "^1.3.0",
				"@noble/hashes": "^1.3.3",
				"@polkadot/networks": "12.6.2",
				"@polkadot/util": "12.6.2",
				"@polkadot/wasm-crypto": "^7.3.2",
				"@polkadot/wasm-util": "^7.3.2",
				"@polkadot/x-bigint": "12.6.2",
				"@polkadot/x-randomvalues": "12.6.2",
				"@scure/base": "^1.1.5",
				"tslib": "^2.6.2"
			},
			"engines": {
				"node": ">=18"
			},
			"peerDependencies": {
				"@polkadot/util": "12.6.2"
			}
		},
		"node_modules/@polkadot/util-crypto/node_modules/@polkadot/x-global": {
			"version": "12.6.2",
			"resolved": "https://registry.npmjs.org/@polkadot/x-global/-/x-global-12.6.2.tgz",
			"integrity": "sha512-a8d6m+PW98jmsYDtAWp88qS4dl8DyqUBsd0S+WgyfSMtpEXu6v9nXDgPZgwF5xdDvXhm+P0ZfVkVTnIGrScb5g==",
			"license": "Apache-2.0",
			"dependencies": {
				"tslib": "^2.6.2"
			},
			"engines": {
				"node": ">=18"
			}
		},
		"node_modules/@polkadot/util-crypto/node_modules/@polkadot/x-randomvalues": {
			"version": "12.6.2",
			"resolved": "https://registry.npmjs.org/@polkadot/x-randomvalues/-/x-randomvalues-12.6.2.tgz",
			"integrity": "sha512-Vr8uG7rH2IcNJwtyf5ebdODMcr0XjoCpUbI91Zv6AlKVYOGKZlKLYJHIwpTaKKB+7KPWyQrk4Mlym/rS7v9feg==",
			"license": "Apache-2.0",
			"dependencies": {
				"@polkadot/x-global": "12.6.2",
				"tslib": "^2.6.2"
			},
			"engines": {
				"node": ">=18"
			},
			"peerDependencies": {
				"@polkadot/util": "12.6.2",
				"@polkadot/wasm-util": "*"
			}
		},
		"node_modules/@polkadot/util/node_modules/@polkadot/x-global": {
			"version": "12.6.2",
			"resolved": "https://registry.npmjs.org/@polkadot/x-global/-/x-global-12.6.2.tgz",
			"integrity": "sha512-a8d6m+PW98jmsYDtAWp88qS4dl8DyqUBsd0S+WgyfSMtpEXu6v9nXDgPZgwF5xdDvXhm+P0ZfVkVTnIGrScb5g==",
			"license": "Apache-2.0",
			"dependencies": {
				"tslib": "^2.6.2"
			},
			"engines": {
				"node": ">=18"
			}
		},
		"node_modules/@polkadot/wasm-bridge": {
			"version": "7.4.1",
			"license": "Apache-2.0",
			"dependencies": {
				"@polkadot/wasm-util": "7.4.1",
				"tslib": "^2.7.0"
			},
			"engines": {
				"node": ">=18"
			},
			"peerDependencies": {
				"@polkadot/util": "*",
				"@polkadot/x-randomvalues": "*"
			}
		},
		"node_modules/@polkadot/wasm-crypto": {
			"version": "7.4.1",
			"license": "Apache-2.0",
			"dependencies": {
				"@polkadot/wasm-bridge": "7.4.1",
				"@polkadot/wasm-crypto-asmjs": "7.4.1",
				"@polkadot/wasm-crypto-init": "7.4.1",
				"@polkadot/wasm-crypto-wasm": "7.4.1",
				"@polkadot/wasm-util": "7.4.1",
				"tslib": "^2.7.0"
			},
			"engines": {
				"node": ">=18"
			},
			"peerDependencies": {
				"@polkadot/util": "*",
				"@polkadot/x-randomvalues": "*"
			}
		},
		"node_modules/@polkadot/wasm-crypto-asmjs": {
			"version": "7.4.1",
			"license": "Apache-2.0",
			"dependencies": {
				"tslib": "^2.7.0"
			},
			"engines": {
				"node": ">=18"
			},
			"peerDependencies": {
				"@polkadot/util": "*"
			}
		},
		"node_modules/@polkadot/wasm-crypto-init": {
			"version": "7.4.1",
			"license": "Apache-2.0",
			"dependencies": {
				"@polkadot/wasm-bridge": "7.4.1",
				"@polkadot/wasm-crypto-asmjs": "7.4.1",
				"@polkadot/wasm-crypto-wasm": "7.4.1",
				"@polkadot/wasm-util": "7.4.1",
				"tslib": "^2.7.0"
			},
			"engines": {
				"node": ">=18"
			},
			"peerDependencies": {
				"@polkadot/util": "*",
				"@polkadot/x-randomvalues": "*"
			}
		},
		"node_modules/@polkadot/wasm-crypto-wasm": {
			"version": "7.4.1",
			"license": "Apache-2.0",
			"dependencies": {
				"@polkadot/wasm-util": "7.4.1",
				"tslib": "^2.7.0"
			},
			"engines": {
				"node": ">=18"
			},
			"peerDependencies": {
				"@polkadot/util": "*"
			}
		},
		"node_modules/@polkadot/wasm-util": {
			"version": "7.4.1",
			"license": "Apache-2.0",
			"dependencies": {
				"tslib": "^2.7.0"
			},
			"engines": {
				"node": ">=18"
			},
			"peerDependencies": {
				"@polkadot/util": "*"
			}
		},
		"node_modules/@polkadot/x-bigint": {
			"version": "12.6.2",
			"resolved": "https://registry.npmjs.org/@polkadot/x-bigint/-/x-bigint-12.6.2.tgz",
			"integrity": "sha512-HSIk60uFPX4GOFZSnIF7VYJz7WZA7tpFJsne7SzxOooRwMTWEtw3fUpFy5cYYOeLh17/kHH1Y7SVcuxzVLc74Q==",
			"license": "Apache-2.0",
			"dependencies": {
				"@polkadot/x-global": "12.6.2",
				"tslib": "^2.6.2"
			},
			"engines": {
				"node": ">=18"
			}
		},
		"node_modules/@polkadot/x-bigint/node_modules/@polkadot/x-global": {
			"version": "12.6.2",
			"resolved": "https://registry.npmjs.org/@polkadot/x-global/-/x-global-12.6.2.tgz",
			"integrity": "sha512-a8d6m+PW98jmsYDtAWp88qS4dl8DyqUBsd0S+WgyfSMtpEXu6v9nXDgPZgwF5xdDvXhm+P0ZfVkVTnIGrScb5g==",
			"license": "Apache-2.0",
			"dependencies": {
				"tslib": "^2.6.2"
			},
			"engines": {
				"node": ">=18"
			}
		},
		"node_modules/@polkadot/x-fetch": {
			"version": "12.6.2",
			"license": "Apache-2.0",
			"dependencies": {
				"@polkadot/x-global": "12.6.2",
				"node-fetch": "^3.3.2",
				"tslib": "^2.6.2"
			},
			"engines": {
				"node": ">=18"
			}
		},
		"node_modules/@polkadot/x-fetch/node_modules/@polkadot/x-global": {
			"version": "12.6.2",
			"license": "Apache-2.0",
			"dependencies": {
				"tslib": "^2.6.2"
			},
			"engines": {
				"node": ">=18"
			}
		},
		"node_modules/@polkadot/x-global": {
			"version": "13.2.1",
			"license": "Apache-2.0",
			"peer": true,
			"dependencies": {
				"tslib": "^2.8.0"
			},
			"engines": {
				"node": ">=18"
			}
		},
		"node_modules/@polkadot/x-randomvalues": {
			"version": "13.2.1",
			"license": "Apache-2.0",
			"peer": true,
			"dependencies": {
				"@polkadot/x-global": "13.2.1",
				"tslib": "^2.8.0"
			},
			"engines": {
				"node": ">=18"
			},
			"peerDependencies": {
				"@polkadot/util": "13.2.1",
				"@polkadot/wasm-util": "*"
			}
		},
		"node_modules/@polkadot/x-textdecoder": {
			"version": "12.6.2",
			"resolved": "https://registry.npmjs.org/@polkadot/x-textdecoder/-/x-textdecoder-12.6.2.tgz",
			"integrity": "sha512-M1Bir7tYvNappfpFWXOJcnxUhBUFWkUFIdJSyH0zs5LmFtFdbKAeiDXxSp2Swp5ddOZdZgPac294/o2TnQKN1w==",
			"license": "Apache-2.0",
			"dependencies": {
				"@polkadot/x-global": "12.6.2",
				"tslib": "^2.6.2"
			},
			"engines": {
				"node": ">=18"
			}
		},
		"node_modules/@polkadot/x-textdecoder/node_modules/@polkadot/x-global": {
			"version": "12.6.2",
			"resolved": "https://registry.npmjs.org/@polkadot/x-global/-/x-global-12.6.2.tgz",
			"integrity": "sha512-a8d6m+PW98jmsYDtAWp88qS4dl8DyqUBsd0S+WgyfSMtpEXu6v9nXDgPZgwF5xdDvXhm+P0ZfVkVTnIGrScb5g==",
			"license": "Apache-2.0",
			"dependencies": {
				"tslib": "^2.6.2"
			},
			"engines": {
				"node": ">=18"
			}
		},
		"node_modules/@polkadot/x-textencoder": {
			"version": "12.6.2",
			"resolved": "https://registry.npmjs.org/@polkadot/x-textencoder/-/x-textencoder-12.6.2.tgz",
			"integrity": "sha512-4N+3UVCpI489tUJ6cv3uf0PjOHvgGp9Dl+SZRLgFGt9mvxnvpW/7+XBADRMtlG4xi5gaRK7bgl5bmY6OMDsNdw==",
			"license": "Apache-2.0",
			"dependencies": {
				"@polkadot/x-global": "12.6.2",
				"tslib": "^2.6.2"
			},
			"engines": {
				"node": ">=18"
			}
		},
		"node_modules/@polkadot/x-textencoder/node_modules/@polkadot/x-global": {
			"version": "12.6.2",
			"resolved": "https://registry.npmjs.org/@polkadot/x-global/-/x-global-12.6.2.tgz",
			"integrity": "sha512-a8d6m+PW98jmsYDtAWp88qS4dl8DyqUBsd0S+WgyfSMtpEXu6v9nXDgPZgwF5xdDvXhm+P0ZfVkVTnIGrScb5g==",
			"license": "Apache-2.0",
			"dependencies": {
				"tslib": "^2.6.2"
			},
			"engines": {
				"node": ">=18"
			}
		},
		"node_modules/@polkadot/x-ws": {
			"version": "12.6.2",
			"license": "Apache-2.0",
			"dependencies": {
				"@polkadot/x-global": "12.6.2",
				"tslib": "^2.6.2",
				"ws": "^8.15.1"
			},
			"engines": {
				"node": ">=18"
			}
		},
		"node_modules/@polkadot/x-ws/node_modules/@polkadot/x-global": {
			"version": "12.6.2",
			"license": "Apache-2.0",
			"dependencies": {
				"tslib": "^2.6.2"
			},
			"engines": {
				"node": ">=18"
			}
		},
		"node_modules/@scure/base": {
			"version": "1.1.9",
			"license": "MIT",
			"funding": {
				"url": "https://paulmillr.com/funding/"
			}
		},
		"node_modules/@substrate/connect": {
			"version": "0.8.8",
			"license": "GPL-3.0-only",
			"optional": true,
			"dependencies": {
				"@substrate/connect-extension-protocol": "^2.0.0",
				"@substrate/connect-known-chains": "^1.1.1",
				"@substrate/light-client-extension-helpers": "^0.0.4",
				"smoldot": "2.0.22"
			}
		},
		"node_modules/@substrate/connect-extension-protocol": {
			"version": "2.2.0",
			"license": "GPL-3.0-only",
			"optional": true
		},
		"node_modules/@substrate/connect-known-chains": {
			"version": "1.6.0",
			"license": "GPL-3.0-only",
			"optional": true
		},
		"node_modules/@substrate/light-client-extension-helpers": {
			"version": "0.0.4",
			"license": "MIT",
			"optional": true,
			"dependencies": {
				"@polkadot-api/client": "0.0.1-492c132563ea6b40ae1fc5470dec4cd18768d182.1.0",
				"@polkadot-api/json-rpc-provider": "0.0.1-492c132563ea6b40ae1fc5470dec4cd18768d182.1.0",
				"@polkadot-api/json-rpc-provider-proxy": "0.0.1-492c132563ea6b40ae1fc5470dec4cd18768d182.1.0",
				"@polkadot-api/substrate-client": "0.0.1-492c132563ea6b40ae1fc5470dec4cd18768d182.1.0",
				"@substrate/connect-extension-protocol": "^2.0.0",
				"@substrate/connect-known-chains": "^1.1.1",
				"rxjs": "^7.8.1"
			},
			"peerDependencies": {
				"smoldot": "2.x"
			}
		},
		"node_modules/@substrate/ss58-registry": {
			"version": "1.51.0",
			"license": "Apache-2.0"
		},
		"node_modules/@types/bn.js": {
			"version": "5.1.6",
			"license": "MIT",
			"dependencies": {
				"@types/node": "*"
			}
		},
		"node_modules/@types/node": {
			"version": "22.7.8",
			"license": "MIT",
			"dependencies": {
				"undici-types": "~6.19.2"
			}
		},
		"node_modules/avail-js-sdk": {
			"version": "0.2.18",
			"license": "ISC",
			"dependencies": {
				"@polkadot/api": "^10.11.3",
				"neverthrow": "^7.0.0"
			}
		},
		"node_modules/bn.js": {
			"version": "5.2.1",
			"license": "MIT"
		},
		"node_modules/commander": {
			"version": "12.1.0",
			"license": "MIT",
			"engines": {
				"node": ">=18"
			}
		},
		"node_modules/data-uri-to-buffer": {
			"version": "4.0.1",
			"license": "MIT",
			"engines": {
				"node": ">= 12"
			}
		},
		"node_modules/debug": {
			"version": "4.3.7",
			"license": "MIT",
			"dependencies": {
				"ms": "^2.1.3"
			},
			"engines": {
				"node": ">=6.0"
			},
			"peerDependenciesMeta": {
				"supports-color": {
					"optional": true
				}
			}
		},
		"node_modules/eventemitter3": {
			"version": "5.0.1",
			"license": "MIT"
		},
		"node_modules/fetch-blob": {
			"version": "3.2.0",
			"funding": [
				{
					"type": "github",
					"url": "https://github.com/sponsors/jimmywarting"
				},
				{
					"type": "paypal",
					"url": "https://paypal.me/jimmywarting"
				}
			],
			"license": "MIT",
			"dependencies": {
				"node-domexception": "^1.0.0",
				"web-streams-polyfill": "^3.0.3"
			},
			"engines": {
				"node": "^12.20 || >= 14.13"
			}
		},
		"node_modules/formdata-polyfill": {
			"version": "4.0.10",
			"license": "MIT",
			"dependencies": {
				"fetch-blob": "^3.1.2"
			},
			"engines": {
				"node": ">=12.20.0"
			}
		},
		"node_modules/json-stringify-safe": {
			"version": "5.0.1",
			"license": "ISC"
		},
		"node_modules/mock-socket": {
			"version": "9.3.1",
			"license": "MIT",
			"engines": {
				"node": ">= 8"
			}
		},
		"node_modules/ms": {
			"version": "2.1.3",
			"license": "MIT"
		},
		"node_modules/neverthrow": {
			"version": "7.2.0",
			"license": "MIT",
			"engines": {
				"node": ">=18"
			}
		},
		"node_modules/nock": {
			"version": "13.5.5",
			"license": "MIT",
			"dependencies": {
				"debug": "^4.1.0",
				"json-stringify-safe": "^5.0.1",
				"propagate": "^2.0.0"
			},
			"engines": {
				"node": ">= 10.13"
			}
		},
		"node_modules/node-domexception": {
			"version": "1.0.0",
			"funding": [
				{
					"type": "github",
					"url": "https://github.com/sponsors/jimmywarting"
				},
				{
					"type": "github",
					"url": "https://paypal.me/jimmywarting"
				}
			],
			"license": "MIT",
			"engines": {
				"node": ">=10.5.0"
			}
		},
		"node_modules/node-fetch": {
			"version": "3.3.2",
			"license": "MIT",
			"dependencies": {
				"data-uri-to-buffer": "^4.0.0",
				"fetch-blob": "^3.1.4",
				"formdata-polyfill": "^4.0.10"
			},
			"engines": {
				"node": "^12.20.0 || ^14.13.1 || >=16.0.0"
			},
			"funding": {
				"type": "opencollective",
				"url": "https://opencollective.com/node-fetch"
			}
		},
		"node_modules/propagate": {
			"version": "2.0.1",
			"license": "MIT",
			"engines": {
				"node": ">= 8"
			}
		},
		"node_modules/rxjs": {
			"version": "7.8.1",
			"license": "Apache-2.0",
			"dependencies": {
				"tslib": "^2.1.0"
			}
		},
		"node_modules/scale-ts": {
			"version": "1.6.0",
			"license": "MIT",
			"optional": true
		},
		"node_modules/smoldot": {
			"version": "2.0.22",
			"license": "GPL-3.0-or-later WITH Classpath-exception-2.0",
			"optional": true,
			"dependencies": {
				"ws": "^8.8.1"
			}
		},
		"node_modules/tslib": {
			"version": "2.8.0",
			"license": "0BSD"
		},
		"node_modules/typescript": {
			"version": "5.6.3",
			"dev": true,
			"license": "Apache-2.0",
			"bin": {
				"tsc": "bin/tsc",
				"tsserver": "bin/tsserver"
			},
			"engines": {
				"node": ">=14.17"
			}
		},
		"node_modules/undici-types": {
			"version": "6.19.8",
			"license": "MIT"
		},
		"node_modules/web-streams-polyfill": {
			"version": "3.3.3",
			"license": "MIT",
			"engines": {
				"node": ">= 8"
			}
		},
		"node_modules/ws": {
			"version": "8.18.0",
			"license": "MIT",
			"engines": {
				"node": ">=10.0.0"
			},
			"peerDependencies": {
				"bufferutil": "^4.0.1",
				"utf-8-validate": ">=5.0.2"
			},
			"peerDependenciesMeta": {
				"bufferutil": {
					"optional": true
				},
				"utf-8-validate": {
					"optional": true
				}
			}
		}
	}
}
